
Microsoft Visual Studio Solution File, Format Version 12.00
# Visual Studio Version 16
VisualStudioVersion = 16.0.30804.86
MinimumVisualStudioVersion = 10.0.40219.1
Project("{9A19103F-16F7-4668-BE54-9A1E7A4F7556}") = "Questdb.Net", "Questdb.Net\Questdb.Net.csproj", "{EE6AFD35-DE5B-4E45-B04D-59F7560875FF}"
EndProject
Global
	GlobalSection(SolutionConfigurationPlatforms) = preSolution
		Debug|Any CPU = Debug|Any CPU
		Release|Any CPU = Release|Any CPU
	EndGlobalSection
	GlobalSection(ProjectConfigurationPlatforms) = postSolution
		{EE6AFD35-DE5B-4E45-B04D-59F7560875FF}.Debug|Any CPU.ActiveCfg = Debug|Any CPU
		{EE6AFD35-DE5B-4E45-B04D-59F7560875FF}.Debug|Any CPU.Build.0 = Debug|Any CPU
		{EE6AFD35-DE5B-4E45-B04D-59F7560875FF}.Release|Any CPU.ActiveCfg = Release|Any CPU
		{EE6AFD35-DE5B-4E45-B04D-59F7560875FF}.Release|Any CPU.Build.0 = Release|Any CPU
	EndGlobalSection
	GlobalSection(SolutionProperties) = preSolution
		HideSolutionNode = FALSE
	EndGlobalSection
	GlobalSection(ExtensibilityGlobals) = postSolution
		SolutionGuid = {443F4538-E43E-476C-872D-43C243489E9E}
	EndGlobalSection
EndGlobal
